lockfileVersion: '9.0'

settings:
  autoInstallPeers: true
  excludeLinksFromLockfile: false

importers:

  api:
    dependencies:
      '@graphql-yoga/node':
        specifier: ^2.13.2
        version: 2.13.13(graphql@16.11.0)
      '@supabase/supabase-js':
        specifier: ^2.0.0
        version: 2.57.4
      dotenv:
        specifier: ^16.0.0
        version: 16.6.1
      graphql:
        specifier: ^16.0.0
        version: 16.11.0
      graphql-tag:
        specifier: ^2.12.6
        version: 2.12.6(graphql@16.11.0)
      node-fetch:
        specifier: ^2.7.0
        version: 2.7.0
      uuid:
        specifier: ^9.0.0
        version: 9.0.1
    devDependencies:
      '@types/node':
        specifier: ^18.14.1
        version: 18.19.127
      '@types/node-fetch':
        specifier: ^2.6.4
        version: 2.6.13
      supabase:
        specifier: ^2.45.5
        version: 2.45.5
      ts-node-dev:
        specifier: ^2.0.0
        version: 2.0.0(@types/node@18.19.127)(typescript@5.9.2)
      typescript:
        specifier: ^5.0.0
        version: 5.9.2

packages:

  '@cspotcode/source-map-support@0.8.1':
    resolution: {integrity: sha512-IchNf6dN4tHoMFIn/7OE8LWZ19Y6q/67Bmf6vnGREv8RSbBVb9LPJxEcnwrcwX6ixSvaiGoomAUvu4YSxXrVgw==}
    engines: {node: '>=12'}

  '@envelop/core@2.6.0':
    resolution: {integrity: sha512-yTptKinJN//i6m1kXUbnLBl/FobzddI4ehURAMS08eRUOQwAuXqJU9r8VdTav8nIZLb4t6cuDWFb3n331LiwLw==}
    peerDependencies:
      graphql: ^14.0.0 || ^15.0.0 || ^16.0.0

  '@envelop/parser-cache@4.7.0':
    resolution: {integrity: sha512-63NfXDcW/vGn4U6NFxaZ0JbYWAcJb9A6jhTvghsSz1ZS+Dny/ci8bVSgVmM1q+N56hPyGsVPuyI+rIc71mPU5g==}
    peerDependencies:
      '@envelop/core': ^2.6.0
      graphql: ^14.0.0 || ^15.0.0 || ^16.0.0

  '@envelop/types@2.4.0':
    resolution: {integrity: sha512-pjxS98cDQBS84X29VcwzH3aJ/KiLCGwyMxuj7/5FkdiaCXAD1JEvKEj9LARWlFYj1bY43uII4+UptFebrhiIaw==}
    peerDependencies:
      graphql: ^14.0.0 || ^15.0.0 || ^16.0.0

  '@envelop/validation-cache@4.7.0':
    resolution: {integrity: sha512-PzL+GfWJRT+JjsJqZAIxHKEkvkM3hxkeytS5O0QLXT8kURNBV28r+Kdnn2RCF5+6ILhyGpiDb60vaquBi7g4lw==}
    peerDependencies:
      '@envelop/core': ^2.6.0
      graphql: ^14.0.0 || ^15.0.0 || ^16.0.0

  '@fastify/busboy@2.1.1':
    resolution: {integrity: sha512-vBZP4NlzfOlerQTnba4aqZoMhE/a9HY7HRqoOPaETQcSQuWEIyZMHGfVu6w9wGtGK5fED5qRs2DteVCjOH60sA==}
    engines: {node: '>=14'}

  '@graphql-tools/merge@8.4.2':
    resolution: {integrity: sha512-XbrHAaj8yDuINph+sAfuq3QCZ/tKblrTLOpirK0+CAgNlZUCHs0Fa+xtMUURgwCVThLle1AF7svJCxFizygLsw==}
    peerDependencies:
      graphql: ^14.0.0 || ^15.0.0 || ^16.0.0 || ^17.0.0

  '@graphql-tools/schema@9.0.19':
    resolution: {integrity: sha512-oBRPoNBtCkk0zbUsyP4GaIzCt8C0aCI4ycIRUL67KK5pOHljKLBBtGT+Jr6hkzA74C8Gco8bpZPe7aWFjiaK2w==}
    peerDependencies:
      graphql: ^14.0.0 || ^15.0.0 || ^16.0.0 || ^17.0.0

  '@graphql-tools/utils@8.13.1':
    resolution: {integrity: sha512-qIh9yYpdUFmctVqovwMdheVNJqFh+DQNWIhX87FJStfXYnmweBUDATok9fWPleKeFwxnW8IapKmY8m8toJEkAw==}
    peerDependencies:
      graphql: ^14.0.0 || ^15.0.0 || ^16.0.0 || ^17.0.0

  '@graphql-tools/utils@9.2.1':
    resolution: {integrity: sha512-WUw506Ql6xzmOORlriNrD6Ugx+HjVgYxt9KCXD9mHAak+eaXSwuGGPyE60hy9xaDEoXKBsG7SkG69ybitaVl6A==}
    peerDependencies:
      graphql: ^14.0.0 || ^15.0.0 || ^16.0.0 || ^17.0.0

  '@graphql-typed-document-node/core@3.2.0':
    resolution: {integrity: sha512-mB9oAsNCm9aM3/SOv4YtBMqZbYj10R7dkq8byBqxGY/ncFwhf2oQzMV+LCRlWoDSEBJ3COiR1yeDvMtsoOsuFQ==}
    peerDependencies:
      graphql: ^0.8.0 || ^0.9.0 || ^0.10.0 || ^0.11.0 || ^0.12.0 || ^0.13.0 || ^14.0.0 || ^15.0.0 || ^16.0.0 || ^17.0.0

  '@graphql-yoga/common@2.12.12':
    resolution: {integrity: sha512-La2ygIw2qlIJZrRGT4nW70Nam7gQ2xZkOn0FDCnKWSJhQ4nHw4aFAkeHIJdZGK0u2TqtXRrNSAj5cb/TZoqUiQ==}
    peerDependencies:
      graphql: ^15.2.0 || ^16.0.0

  '@graphql-yoga/node@2.13.13':
    resolution: {integrity: sha512-3NmdEq3BkuVLRbo5yUi401sBiwowSKgY8O1DN1RwYdHRr0nu2dXzlYEETf4XLymyP6mKsVfQgsy7HQjwsc1oNw==}
    peerDependencies:
      graphql: ^15.2.0 || ^16.0.0

  '@graphql-yoga/subscription@2.2.3':
    resolution: {integrity: sha512-It/Dfh+nW2ClTtmOylAa+o7fbKIRYRTH6jfKLj3YB75tkv/rFZ70bjlChDCrEMa46I+zDMg7+cdkrQOXov2fDg==}

  '@graphql-yoga/typed-event-target@0.1.1':
    resolution: {integrity: sha512-l23kLKHKhfD7jmv4OUlzxMTihSqgIjGWCSb0KdlLkeiaF2jjuo8pRhX200hFTrtjRHGSYS1fx2lltK/xWci+vw==}

  '@isaacs/fs-minipass@4.0.1':
    resolution: {integrity: sha512-wgm9Ehl2jpeqP3zw/7mo3kRHFp5MEDhqAdwy1fTGkHAwnkGOVsgpvQhL8B5n1qlb01jV3n/bI0ZfZp5lWA1k4w==}
    engines: {node: '>=18.0.0'}

  '@jridgewell/resolve-uri@3.1.2':
    resolution: {integrity: sha512-bRISgCIjP20/tbWSPWMEi54QVPRZExkuD9lJL+UIxUKtwVJA8wW1Trb1jMs1RFXo1CBTNZ/5hpC9QvmKWdopKw==}
    engines: {node: '>=6.0.0'}

  '@jridgewell/sourcemap-codec@1.5.5':
    resolution: {integrity: sha512-cYQ9310grqxueWbl+WuIUIaiUaDcj7WOq5fVhEljNVgRfOUhY9fy2zTvfoqWsnebh8Sl70VScFbICvJnLKB0Og==}

  '@jridgewell/trace-mapping@0.3.9':
    resolution: {integrity: sha512-3Belt6tdc8bPgAtbcmdtNJlirVoTmEb5e2gC94PnkwEW9jI6CAHUeoG85tjWP5WquqfavoMtMwiG4P926ZKKuQ==}

  '@peculiar/asn1-schema@2.5.0':
    resolution: {integrity: sha512-YM/nFfskFJSlHqv59ed6dZlLZqtZQwjRVJ4bBAiWV08Oc+1rSd5lDZcBEx0lGDHfSoH3UziI2pXt2UM33KerPQ==}

  '@peculiar/json-schema@1.1.12':
    resolution: {integrity: sha512-coUfuoMeIB7B8/NMekxaDzLhaYmp0HZNPEjYRm9goRou8UZIC3z21s0sL9AWoCw4EG876QyO3kYrc61WNF9B/w==}
    engines: {node: '>=8.0.0'}

  '@peculiar/webcrypto@1.5.0':
    resolution: {integrity: sha512-BRs5XUAwiyCDQMsVA9IDvDa7UBR9gAvPHgugOeGng3YN6vJ9JYonyDc0lNczErgtCWtucjR5N7VtaonboD/ezg==}
    engines: {node: '>=10.12.0'}

  '@repeaterjs/repeater@3.0.6':
    resolution: {integrity: sha512-Javneu5lsuhwNCryN+pXH93VPQ8g0dBX7wItHFgYiwQmzE1sVdg5tWHiOgHywzL2W21XQopa7IwIEnNbmeUJYA==}

  '@supabase/auth-js@2.71.1':
    resolution: {integrity: sha512-mMIQHBRc+SKpZFRB2qtupuzulaUhFYupNyxqDj5Jp/LyPvcWvjaJzZzObv6URtL/O6lPxkanASnotGtNpS3H2Q==}

  '@supabase/functions-js@2.4.6':
    resolution: {integrity: sha512-bhjZ7rmxAibjgmzTmQBxJU6ZIBCCJTc3Uwgvdi4FewueUTAGO5hxZT1Sj6tiD+0dSXf9XI87BDdJrg12z8Uaew==}

  '@supabase/node-fetch@2.6.15':
    resolution: {integrity: sha512-1ibVeYUacxWYi9i0cf5efil6adJ9WRyZBLivgjs+AUpewx1F3xPi7gLgaASI2SmIQxPoCEjAsLAzKPgMJVgOUQ==}
    engines: {node: 4.x || >=6.0.0}

  '@supabase/postgrest-js@1.21.4':
    resolution: {integrity: sha512-TxZCIjxk6/dP9abAi89VQbWWMBbybpGWyvmIzTd79OeravM13OjR/YEYeyUOPcM1C3QyvXkvPZhUfItvmhY1IQ==}

  '@supabase/realtime-js@2.15.5':
    resolution: {integrity: sha512-/Rs5Vqu9jejRD8ZeuaWXebdkH+J7V6VySbCZ/zQM93Ta5y3mAmocjioa/nzlB6qvFmyylUgKVS1KpE212t30OA==}

  '@supabase/storage-js@2.12.1':
    resolution: {integrity: sha512-QWg3HV6Db2J81VQx0PqLq0JDBn4Q8B1FYn1kYcbla8+d5WDmTdwwMr+EJAxNOSs9W4mhKMv+EYCpCrTFlTj4VQ==}

  '@supabase/supabase-js@2.57.4':
    resolution: {integrity: sha512-LcbTzFhHYdwfQ7TRPfol0z04rLEyHabpGYANME6wkQ/kLtKNmI+Vy+WEM8HxeOZAtByUFxoUTTLwhXmrh+CcVw==}

  '@tsconfig/node10@1.0.11':
    resolution: {integrity: sha512-DcRjDCujK/kCk/cUe8Xz8ZSpm8mS3mNNpta+jGCA6USEDfktlNvm1+IuZ9eTcDbNk41BHwpHHeW+N1lKCz4zOw==}

  '@tsconfig/node12@1.0.11':
    resolution: {integrity: sha512-cqefuRsh12pWyGsIoBKJA9luFu3mRxCA+ORZvA4ktLSzIuCUtWVxGIuXigEwO5/ywWFMZ2QEGKWvkZG1zDMTag==}

  '@tsconfig/node14@1.0.3':
    resolution: {integrity: sha512-ysT8mhdixWK6Hw3i1V2AeRqZ5WfXg1G43mqoYlM2nc6388Fq5jcXyr5mRsqViLx/GJYdoL0bfXD8nmF+Zn/Iow==}

  '@tsconfig/node16@1.0.4':
    resolution: {integrity: sha512-vxhUy4J8lyeyinH7Azl1pdd43GJhZH/tP2weN8TntQblOY+A0XbT8DJk1/oCPuOOyg/Ja757rG0CgHcWC8OfMA==}

  '@types/node-fetch@2.6.13':
    resolution: {integrity: sha512-QGpRVpzSaUs30JBSGPjOg4Uveu384erbHBoT1zeONvyCfwQxIkUshLAOqN/k9EjGviPRmWTTe6aH2qySWKTVSw==}

  '@types/node@18.19.127':
    resolution: {integrity: sha512-gSjxjrnKXML/yo0BO099uPixMqfpJU0TKYjpfLU7TrtA2WWDki412Np/RSTPRil1saKBhvVVKzVx/p/6p94nVA==}

  '@types/phoenix@1.6.6':
    resolution: {integrity: sha512-PIzZZlEppgrpoT2QgbnDU+MMzuR6BbCjllj0bM70lWoejMeNJAxCchxnv7J3XFkI8MpygtRpzXrIlmWUBclP5A==}

  '@types/strip-bom@3.0.0':
    resolution: {integrity: sha512-xevGOReSYGM7g/kUBZzPqCrR/KYAo+F0yiPc85WFTJa0MSLtyFTVTU6cJu/aV4mid7IffDIWqo69THF2o4JiEQ==}

  '@types/strip-json-comments@0.0.30':
    resolution: {integrity: sha512-7NQmHra/JILCd1QqpSzl8+mJRc8ZHz3uDm8YV1Ks9IhK0epEiTw8aIErbvH9PI+6XbqhyIQy3462nEsn7UVzjQ==}

  '@types/ws@8.18.1':
    resolution: {integrity: sha512-ThVF6DCVhA8kUGy+aazFQ4kXQ7E1Ty7A3ypFOe0IcJV8O/M511G99AW24irKrW56Wt44yG9+ij8FaqoBGkuBXg==}

  '@whatwg-node/fetch@0.3.2':
    resolution: {integrity: sha512-Bs5zAWQs0tXsLa4mRmLw7Psps1EN78vPtgcLpw3qPY8s6UYPUM67zFZ9cy+7tZ64PXhfwzxJn+m7RH2Lq48RNQ==}

  abort-controller@3.0.0:
    resolution: {integrity: sha512-h8lQ8tacZYnR3vNQTgibj+tODHI5/+l06Au2Pcriv/Gmet0eaj4TwWH41sO9wnHDiQsEj19q0drzdWdeAHtweg==}
    engines: {node: '>=6.5'}

  acorn-walk@8.3.4:
    resolution: {integrity: sha512-ueEepnujpqee2o5aIYnvHU6C0A42MNdsIDeqy5BydrkuC5R1ZuUFnm27EeFJGoEHJQgn3uleRvmTXaJgfXbt4g==}
    engines: {node: '>=0.4.0'}

  acorn@8.15.0:
    resolution: {integrity: sha512-NZyJarBfL7nWwIq+FDL6Zp/yHEhePMNnnJ0y3qfieCrmNvYct8uvtiV41UvlSe6apAfk0fY1FbWx+NwfmpvtTg==}
    engines: {node: '>=0.4.0'}
    hasBin: true

  agent-base@7.1.4:
    resolution: {integrity: sha512-MnA+YT8fwfJPgBx3m60MNqakm30XOkyIoH1y6huTQvC0PwZG7ki8NacLBcrPbNoo8vEZy7Jpuk7+jMO+CUovTQ==}
    engines: {node: '>= 14'}

  anymatch@3.1.3:
    resolution: {integrity: sha512-KMReFUr0B4t+D+OBkjR3KYqvocp2XaSzO55UcB6mgQMd3KbcE+mWTyvVV7D/zsdEbNnV6acZUutkiHQXvTr1Rw==}
    engines: {node: '>= 8'}

  arg@4.1.3:
    resolution: {integrity: sha512-58S9QDqG0Xx27YwPSt9fJxivjYl432YCwfDMfZ+71RAqUrZef7LrKQZ3LHLOwCS4FLNBplP533Zx895SeOCHvA==}

  asn1js@3.0.6:
    resolution: {integrity: sha512-UOCGPYbl0tv8+006qks/dTgV9ajs97X2p0FAbyS2iyCRrmLSRolDaHdp+v/CLgnzHc3fVB+CwYiUmei7ndFcgA==}
    engines: {node: '>=12.0.0'}

  asynckit@0.4.0:
    resolution: {integrity: sha512-Oei9OH4tRh0YqU3GxhX79dM/mwVgvbZJaSNaRk+bshkj0S5cfHcgYakreBjrHwatXKbz+IoIdYLxrKim2MjW0Q==}

  balanced-match@1.0.2:
    resolution: {integrity: sha512-3oSeUO0TMV67hN1AmbXsK4yaqU7tjiHlbxRDZOpH0KW9+CeX4bRAaX0Anxt0tx2MrpRpWwQaPwIlISEJhYU5Pw==}

  bin-links@5.0.0:
    resolution: {integrity: sha512-sdleLVfCjBtgO5cNjA2HVRvWBJAHs4zwenaCPMNJAJU0yNxpzj80IpjOIimkpkr+mhlA+how5poQtt53PygbHA==}
    engines: {node: ^18.17.0 || >=20.5.0}

  binary-extensions@2.3.0:
    resolution: {integrity: sha512-Ceh+7ox5qe7LJuLHoY0feh3pHuUDHAcRUeyL2VYghZwfpkNIy/+8Ocg0a3UuSoYzavmylwuLWQOf3hl0jjMMIw==}
    engines: {node: '>=8'}

  brace-expansion@1.1.12:
    resolution: {integrity: sha512-9T9UjW3r0UW5c1Q7GTwllptXwhvYmEzFhzMfZ9H7FQWt+uZePjZPjBP/W1ZEyZ1twGWom5/56TF4lPcqjnDHcg==}

  braces@3.0.3:
    resolution: {integrity: sha512-yQbXgO/OSZVD2IsiLlro+7Hf6Q18EJrKSEsdoMzKePKXct3gvD8oLcOQdIzGupr5Fj+EDe8gO/lxc1BzfMpxvA==}
    engines: {node: '>=8'}

  buffer-from@1.1.2:
    resolution: {integrity: sha512-E+XQCRwSbaaiChtv6k6Dwgc+bx+Bs6vuKJHHl5kox/BaKbhiXzqQOwK4cO22yElGp2OCmjwVhT3HmxgyPGnJfQ==}

  busboy@1.6.0:
    resolution: {integrity: sha512-8SFQbg/0hQ9xy3UNTB0YEnsNBbWfhf7RtnzpL7TkBiTBRfrQ9Fxcnz7VJsleJpyp6rVLvXiuORqjlHi5q+PYuA==}
    engines: {node: '>=10.16.0'}

  call-bind-apply-helpers@1.0.2:
    resolution: {integrity: sha512-Sp1ablJ0ivDkSzjcaJdxEunN5/XvksFJ2sMBFfq6x0ryhQV/2b/KwFe21cMpmHtPOSij8K99/wSfoEuTObmuMQ==}
    engines: {node: '>= 0.4'}

  chokidar@3.6.0:
    resolution: {integrity: sha512-7VT13fmjotKpGipCW9JEQAusEPE+Ei8nl6/g4FBAmIm0GOOLMua9NDDo/DWp0ZAxCr3cPq5ZpBqmPAQgDda2Pw==}
    engines: {node: '>= 8.10.0'}

  chownr@3.0.0:
    resolution: {integrity: sha512-+IxzY9BZOQd/XuYPRmrvEVjF/nqj5kgT4kEq7VofrDoM1MxoRjEWkrCC3EtLi59TVawxTAn+orJwFQcrqEN1+g==}
    engines: {node: '>=18'}

  cmd-shim@7.0.0:
    resolution: {integrity: sha512-rtpaCbr164TPPh+zFdkWpCyZuKkjpAzODfaZCf/SVJZzJN+4bHQb/LP3Jzq5/+84um3XXY8r548XiWKSborwVw==}
    engines: {node: ^18.17.0 || >=20.5.0}

  combined-stream@1.0.8:
    resolution: {integrity: sha512-FQN4MRfuJeHf7cBbBMJFXhKSDq+2kAArBlmRBvcvFE5BB1HZKXtSFASDhdlz9zOYwxh8lDdnvmMOe/+5cdoEdg==}
    engines: {node: '>= 0.8'}

  concat-map@0.0.1:
    resolution: {integrity: sha512-/Srv4dswyQNBfohGpz9o6Yb3Gz3SrUDqBH5rTuhGR7ahtlbYKnVxw2bCFMRljaA7EXHaXZ8wsHdodFvbkhKmqg==}

  create-require@1.1.1:
    resolution: {integrity: sha512-dcKFX3jn0MpIaXjisoRvexIJVEKzaq7z2rZKxf+MSr9TkdmHmsU4m2lcLojrj/FHl8mk5VxMmYA+ftRkP/3oKQ==}

  data-uri-to-buffer@4.0.1:
    resolution: {integrity: sha512-0R9ikRb668HB7QDxT1vkpuUBtqc53YyAwMwGeUFKRojY/NWKvdZ+9UYtRfGmhqNbRkTSVpMbmyhXipFFv2cb/A==}
    engines: {node: '>= 12'}

  debug@4.4.3:
    resolution: {integrity: sha512-RGwwWnwQvkVfavKVt22FGLw+xYSdzARwm0ru6DhTVA3umU5hZc28V3kO4stgYryrTlLpuvgI9GiijltAjNbcqA==}
    engines: {node: '>=6.0'}
    peerDependencies:
      supports-color: '*'
    peerDependenciesMeta:
      supports-color:
        optional: true

  delayed-stream@1.0.0:
    resolution: {integrity: sha512-ZySD7Nf91aLB0RxL4KGrKHBXl7Eds1DAmEdcoVawXnLD7SDhpNgtuII2aAkg7a7QS41jxPSZ17p4VdGnMHk3MQ==}
    engines: {node: '>=0.4.0'}

  diff@4.0.2:
    resolution: {integrity: sha512-58lmxKSA4BNyLz+HHMUzlOEpg09FV+ev6ZMe3vJihgdxzgcwZ8VoEEPmALCZG9LmqfVoNMMKpttIYTVG6uDY7A==}
    engines: {node: '>=0.3.1'}

  dotenv@16.6.1:
    resolution: {integrity: sha512-uBq4egWHTcTt33a72vpSG0z3HnPuIl6NqYcTrKEg2azoEyl2hpW0zqlxysq2pK9HlDIHyHyakeYaYnSAwd8bow==}
    engines: {node: '>=12'}

  dset@3.1.4:
    resolution: {integrity: sha512-2QF/g9/zTaPDc3BjNcVTGoBbXBgYfMTTceLaYcFJ/W9kggFUkhxD/hMEeuLKbugyef9SqAx8cpgwlIP/jinUTA==}
    engines: {node: '>=4'}

  dunder-proto@1.0.1:
    resolution: {integrity: sha512-KIN/nDJBQRcXw0MLVhZE9iQHmG68qAVIBg9CqmUYjmQIhgij9U5MFvrqkUL5FbtyyzZuOeOt0zdeRe4UY7ct+A==}
    engines: {node: '>= 0.4'}

  dynamic-dedupe@0.3.0:
    resolution: {integrity: sha512-ssuANeD+z97meYOqd50e04Ze5qp4bPqo8cCkI4TRjZkzAUgIDTrXV1R8QCdINpiI+hw14+rYazvTRdQrz0/rFQ==}

  es-define-property@1.0.1:
    resolution: {integrity: sha512-e3nRfgfUZ4rNGL232gUgX06QNyyez04KdjFrF+LTRoOXmrOgFKDg4BCdsjW8EnT69eqdYGmRpJwiPVYNrCaW3g==}
    engines: {node: '>= 0.4'}

  es-errors@1.3.0:
    resolution: {integrity: sha512-Zf5H2Kxt2xjTvbJvP2ZWLEICxA6j+hAmMzIlypy4xcBg1vKVnx89Wy0GbS+kf5cwCVFFzdCFh2XSCFNULS6csw==}
    engines: {node: '>= 0.4'}

  es-object-atoms@1.1.1:
    resolution: {integrity: sha512-FGgH2h8zKNim9ljj7dankFPcICIK9Cp5bm+c2gQSYePhpaG5+esrLODihIorn+Pe6FGJzWhXQotPv73jTaldXA==}
    engines: {node: '>= 0.4'}

  es-set-tostringtag@2.1.0:
    resolution: {integrity: sha512-j6vWzfrGVfyXxge+O0x5sh6cvxAog0a/4Rdd2K36zCMV5eJ+/+tOAngRO8cODMNWbVRdVlmGZQL2YS3yR8bIUA==}
    engines: {node: '>= 0.4'}

  event-target-polyfill@0.0.3:
    resolution: {integrity: sha512-ZMc6UuvmbinrCk4RzGyVmRyIsAyxMRlp4CqSrcQRO8Dy0A9ldbiRy5kdtBj4OtP7EClGdqGfIqo9JmOClMsGLQ==}

  event-target-shim@5.0.1:
    resolution: {integrity: sha512-i/2XbnSz/uxRCU6+NdVJgKWDTM427+MqYbkQzD321DuCQJUqOuJKIA0IM2+W2xtYHdKOmZ4dR6fExsd4SXL+WQ==}
    engines: {node: '>=6'}

  fetch-blob@3.2.0:
    resolution: {integrity: sha512-7yAQpD2UMJzLi1Dqv7qFYnPbaPx7ZfFK6PiIxQ4PfkGPyNyl2Ugx+a/umUonmKqjhM4DnfbMvdX6otXq83soQQ==}
    engines: {node: ^12.20 || >= 14.13}

  fill-range@7.1.1:
    resolution: {integrity: sha512-YsGpe3WHLK8ZYi4tWDg2Jy3ebRz2rXowDxnld4bkQB00cc/1Zw9AWnC0i9ztDJitivtQvaI9KaLyKrc+hBW0yg==}
    engines: {node: '>=8'}

  form-data-encoder@1.9.0:
    resolution: {integrity: sha512-rahaRMkN8P8d/tgK/BLPX+WBVM27NbvdXBxqQujBtkDAIFspaRqN7Od7lfdGQA6KAD+f82fYCLBq1ipvcu8qLw==}

  form-data@4.0.4:
    resolution: {integrity: sha512-KrGhL9Q4zjj0kiUt5OO4Mr/A/jlI2jDYs5eHBpYHPcBEVSiipAvn2Ko2HnPe20rmcuuvMHNdZFp+4IlGTMF0Ow==}
    engines: {node: '>= 6'}

  formdata-node@4.4.1:
    resolution: {integrity: sha512-0iirZp3uVDjVGt9p49aTaqjk84TrglENEDuqfdlZQ1roC9CWlPk6Avf8EEnZNcAqPonwkG35x4n3ww/1THYAeQ==}
    engines: {node: '>= 12.20'}

  formdata-polyfill@4.0.10:
    resolution: {integrity: sha512-buewHzMvYL29jdeQTVILecSaZKnt/RJWjoZCF5OW60Z67/GmSLBkOFM7qh1PI3zFNtJbaZL5eQu1vLfazOwj4g==}
    engines: {node: '>=12.20.0'}

  fs.realpath@1.0.0:
    resolution: {integrity: sha512-OO0pH2lK6a0hZnAdau5ItzHPI6pUlvI7jMVnxUQRtw4owF2wk8lOSabtGDCTP4Ggrg2MbGnWO9X8K1t4+fGMDw==}

  fsevents@2.3.3:
    resolution: {integrity: sha512-5xoDfX+fL7faATnagmWPpbFtwh/R77WmMMqqHGS65C3vvB0YHrgF+B1YmZ3441tMj5n63k0212XNoJwzlhffQw==}
    engines: {node: ^8.16.0 || ^10.6.0 || >=11.0.0}
    os: [darwin]

  function-bind@1.1.2:
    resolution: {integrity: sha512-7XHNxH7qX9xG5mIwxkhumTox/MIRNcOgDrxWsMt2pAr23WHp6MrRlN7FBSFpCpr+oVO0F744iUgR82nJMfG2SA==}

  get-intrinsic@1.3.0:
    resolution: {integrity: sha512-9fSjSaos/fRIVIp+xSJlE6lfwhES7LNtKaCBIamHsjr2na1BiABJPo0mOjjz8GJDURarmCPGqaiVg5mfjb98CQ==}
    engines: {node: '>= 0.4'}

  get-proto@1.0.1:
    resolution: {integrity: sha512-sTSfBjoXBp89JvIKIefqw7U2CCebsc74kiY6awiGogKtoSGbgjYE/G/+l9sF3MWFPNc9IcoOC4ODfKHfxFmp0g==}
    engines: {node: '>= 0.4'}

  glob-parent@5.1.2:
    resolution: {integrity: sha512-AOIgSQCepiJYwP3ARnGx+5VnTu2HBYdzbGP45eLw1vr3zB3vZLeyed1sC9hnbcOc9/SrMyM5RPQrkGz4aS9Zow==}
    engines: {node: '>= 6'}

  glob@7.2.3:
    resolution: {integrity: sha512-nFR0zLpU2YCaRxwoCJvL6UvCH2JFyFVIvwTLsIf21AuHlMskA1hhTdk+LlYJtOlYt9v6dvszD2BGRqBL+iQK9Q==}
    deprecated: Glob versions prior to v9 are no longer supported

  gopd@1.2.0:
    resolution: {integrity: sha512-ZUKRh6/kUFoAiTAtTYPZJ3hw9wNxx+BIBOijnlG9PnrJsCcSjs1wyyD6vJpaYtgnzDrKYRSqf3OO6Rfa93xsRg==}
    engines: {node: '>= 0.4'}

  graphql-tag@2.12.6:
    resolution: {integrity: sha512-FdSNcu2QQcWnM2VNvSCCDCVS5PpPqpzgFT8+GXzqJuoDd0CBncxCY278u4mhRO7tMgo2JjgJA5aZ+nWSQ/Z+xg==}
    engines: {node: '>=10'}
    peerDependencies:
      graphql: ^0.9.0 || ^0.10.0 || ^0.11.0 || ^0.12.0 || ^0.13.0 || ^14.0.0 || ^15.0.0 || ^16.0.0

  graphql@16.11.0:
    resolution: {integrity: sha512-mS1lbMsxgQj6hge1XZ6p7GPhbrtFwUFYi3wRzXAC/FmYnyXMTvvI3td3rjmQ2u8ewXueaSvRPWaEcgVVOT9Jnw==}
    engines: {node: ^12.22.0 || ^14.16.0 || ^16.0.0 || >=17.0.0}

  has-symbols@1.1.0:
    resolution: {integrity: sha512-1cDNdwJ2Jaohmb3sg4OmKaMBwuC48sYni5HUw2DvsC8LjGTLK9h+eb1X6RyuOHe4hT0ULCW68iomhjUoKUqlPQ==}
    engines: {node: '>= 0.4'}

  has-tostringtag@1.0.2:
    resolution: {integrity: sha512-NqADB8VjPFLM2V0VvHUewwwsw0ZWBaIdgo+ieHtK3hasLz4qeCRjYcqfB6AQrBggRKppKF8L52/VqdVsO47Dlw==}
    engines: {node: '>= 0.4'}

  hasown@2.0.2:
    resolution: {integrity: sha512-0hJU9SCPvmMzIBdZFqNPXWa6dqh7WdH0cII9y+CyS8rG3nL48Bclra9HmKhVVUHyPWNH5Y7xDwAB7bfgSjkUMQ==}
    engines: {node: '>= 0.4'}

  https-proxy-agent@7.0.6:
    resolution: {integrity: sha512-vK9P5/iUfdl95AI+JVyUuIcVtd4ofvtrOr3HNtM2yxC9bnMbEdp3x01OhQNnjb8IJYi38VlTE3mBXwcfvywuSw==}
    engines: {node: '>= 14'}

  imurmurhash@0.1.4:
    resolution: {integrity: sha512-JmXMZ6wuvDmLiHEml9ykzqO6lwFbof0GG4IkcGaENdCRDDmMVnny7s5HsIgHCbaq0w2MyPhDqkhTUgS2LU2PHA==}
    engines: {node: '>=0.8.19'}

  inflight@1.0.6:
    resolution: {integrity: sha512-k92I/b08q4wvFscXCLvqfsHCrjrF7yiXsQuIVvVE7N82W3+aqpzuUdBbfhWcy/FZR3/4IgflMgKLOsvPDrGCJA==}
    deprecated: This module is not supported, and leaks memory. Do not use it. Check out lru-cache if you want a good and tested way to coalesce async requests by a key value, which is much more comprehensive and powerful.

  inherits@2.0.4:
    resolution: {integrity: sha512-k/vGaX4/Yla3WzyMCvTQOXYeIHvqOKtnqBduzTHpzpQZzAskKMhZ2K+EnBiSM9zGSoIFeMpXKxa4dYeZIQqewQ==}

  is-binary-path@2.1.0:
    resolution: {integrity: sha512-ZMERYes6pDydyuGidse7OsHxtbI7WVeUEozgR/g7rd0xUimYNlvZRE/K2MgZTjWy725IfelLeVcEM97mmtRGXw==}
    engines: {node: '>=8'}

  is-core-module@2.16.1:
    resolution: {integrity: sha512-UfoeMA6fIJ8wTYFEUjelnaGI67v6+N7qXJEvQuIGa99l4xsCruSYOVSQ0uPANn4dAzm8lkYPaKLrrijLq7x23w==}
    engines: {node: '>= 0.4'}

  is-extglob@2.1.1:
    resolution: {integrity: sha512-SbKbANkN603Vi4jEZv49LeVJMn4yGwsbzZworEoyEiutsN3nJYdbO36zfhGJ6QEDpOZIFkDtnq5JRxmvl3jsoQ==}
    engines: {node: '>=0.10.0'}

  is-glob@4.0.3:
    resolution: {integrity: sha512-xelSayHH36ZgE7ZWhli7pW34hNbNl8Ojv5KVmkJD4hBdD3th8Tfk9vYasLM+mXWOZhFkgZfxhLSnrwRr4elSSg==}
    engines: {node: '>=0.10.0'}

  is-number@7.0.0:
    resolution: {integrity: sha512-41Cifkg6e8TylSpdtTpeLVMqvSBEVzTttHvERD741+pnZ8ANv0004MRL43QKPDlK9cGvNp6NZWZUBlbGXYxxng==}
    engines: {node: '>=0.12.0'}

  lru-cache@6.0.0:
    resolution: {integrity: sha512-Jo6dJ04CmSjuznwJSS3pUeWmd/H0ffTlkXXgwZi+eq1UCmqQwCh+eLsYOYCwY991i2Fah4h1BEMCx4qThGbsiA==}
    engines: {node: '>=10'}

  make-error@1.3.6:
    resolution: {integrity: sha512-s8UhlNe7vPKomQhC1qFelMokr/Sc3AgNbso3n74mVPA5LTZwkB9NlXf4XPamLxJE8h0gh73rM94xvwRT2CVInw==}

  math-intrinsics@1.1.0:
    resolution: {integrity: sha512-/IXtbwEk5HTPyEwyKX6hGkYXxM9nbj64B+ilVJnC/R6B0pH5G4V3b0pVbL7DBj4tkhBAppbQUlf6F6Xl9LHu1g==}
    engines: {node: '>= 0.4'}

  mime-db@1.52.0:
    resolution: {integrity: sha512-sPU4uV7dYlvtWJxwwxHD0PuihVNiE7TyAbQ5SWxDCB9mUYvOgroQOwYQQOKPJ8CIbE+1ETVlOoK1UC2nU3gYvg==}
    engines: {node: '>= 0.6'}

  mime-types@2.1.35:
    resolution: {integrity: sha512-ZDY+bPm5zTTF+YpCrAU9nK0UgICYPT0QtT1NZWFv4s++TNkcgVaT0g6+4R2uI4MjQjzysHB1zxuWL50hzaeXiw==}
    engines: {node: '>= 0.6'}

  minimatch@3.1.2:
    resolution: {integrity: sha512-J7p63hRiAjw1NDEww1W7i37+ByIrOWO5XQQAzZ3VOcL0PNybwpfmV/N05zFAzwQ9USyEcX6t3UO+K5aqBQOIHw==}

  minimist@1.2.8:
    resolution: {integrity: sha512-2yyAR8qBkN3YuheJanUpWC5U3bb5osDywNB8RzDVlDwDHbocAJveqqj1u8+SVD7jkWT4yvsHCpWqqWqAxb0zCA==}

  minipass@7.1.2:
    resolution: {integrity: sha512-qOOzS1cBTWYF4BH8fVePDBOO9iptMnGUEZwNc/cMWnTV2nVLZ7VoNWEPHkYczZA0pdoA7dl6e7FL659nX9S2aw==}
    engines: {node: '>=16 || 14 >=14.17'}

  minizlib@3.1.0:
    resolution: {integrity: sha512-KZxYo1BUkWD2TVFLr0MQoM8vUUigWD3LlD83a/75BqC+4qE0Hb1Vo5v1FgcfaNXvfXzr+5EhQ6ing/CaBijTlw==}
    engines: {node: '>= 18'}

  mkdirp@1.0.4:
    resolution: {integrity: sha512-vVqVZQyf3WLx2Shd0qJ9xuvqgAyKPLAiqITEtqW0oIUjzo3PePDd6fW9iFz30ef7Ysp/oiWqbhszeGWW2T6Gzw==}
    engines: {node: '>=10'}
    hasBin: true

  ms@2.1.3:
    resolution: {integrity: sha512-6FlzubTLZG3J2a/NVCAleEhjzq5oxgHyaCU9yYXvcLsvoVaHJq/s5xXI6/XXP6tz7R9xAOtHnSO/tXtF3WRTlA==}

  node-domexception@1.0.0:
    resolution: {integrity: sha512-/jKZoMpw0F8GRwl4/eLROPA3cfcXtLApP0QzLmUT/HuPCZWyB7IY9ZrMeKw2O/nFIqPQB3PVM9aYm0F312AXDQ==}
    engines: {node: '>=10.5.0'}
    deprecated: Use your platform's native DOMException instead

  node-fetch@2.7.0:
    resolution: {integrity: sha512-c4FRfUm/dbcWZ7U+1Wq0AwCyFL+3nt2bEw05wfxSz+DWpWsitgmSgYmy2dQdWyKC1694ELPqMs/YzUSNozLt8A==}
    engines: {node: 4.x || >=6.0.0}
    peerDependencies:
      encoding: ^0.1.0
    peerDependenciesMeta:
      encoding:
        optional: true

  node-fetch@3.3.2:
    resolution: {integrity: sha512-dRB78srN/l6gqWulah9SrxeYnxeddIG30+GOqK/9OlLVyLg3HPnr6SqOWTWOXKRwC2eGYCkZ59NNuSgvSrpgOA==}
    engines: {node: ^12.20.0 || ^14.13.1 || >=16.0.0}

  normalize-path@3.0.0:
    resolution: {integrity: sha512-6eZs5Ls3WtCisHWp9S2GUy8dqkpGi4BVSz3GaqiE6ezub0512ESztXUwUB6C6IKbQkY2Pnb/mD4WYojCRwcwLA==}
    engines: {node: '>=0.10.0'}

  npm-normalize-package-bin@4.0.0:
    resolution: {integrity: sha512-TZKxPvItzai9kN9H/TkmCtx/ZN/hvr3vUycjlfmH0ootY9yFBzNOpiXAdIn1Iteqsvk4lQn6B5PTrt+n6h8k/w==}
    engines: {node: ^18.17.0 || >=20.5.0}

  once@1.4.0:
    resolution: {integrity: sha512-lNaJgI+2Q5URQBkccEKHTQOPaXdUxnZZElQTZY0MFUAuaEqe1E+Nyvgdz/aIyNi6Z9MzO5dv1H8n58/GELp3+w==}

  path-is-absolute@1.0.1:
    resolution: {integrity: sha512-AVbw3UJ2e9bq64vSaS9Am0fje1Pa8pbGqTTsmXfaIiMpnr5DlDhfJOuLj9Sf95ZPVDAUerDfEk88MPmPe7UCQg==}
    engines: {node: '>=0.10.0'}

  path-parse@1.0.7:
    resolution: {integrity: sha512-LDJzPVEEEPR+y48z93A0Ed0yXb8pAByGWo/k5YYdYgpY2/2EsOsksJrq7lOHxryrVOn1ejG6oAp8ahvOIQD8sw==}

  picomatch@2.3.1:
    resolution: {integrity: sha512-JU3teHTNjmE2VCGFzuY8EXzCDVwEqB2a8fsIvwaStHhAWJEeVd1o1QD80CU6+ZdEXXSLbSsuLwJjkCBWqRQUVA==}
    engines: {node: '>=8.6'}

  proc-log@5.0.0:
    resolution: {integrity: sha512-Azwzvl90HaF0aCz1JrDdXQykFakSSNPaPoiZ9fm5qJIMHioDZEi7OAdRwSm6rSoPtY3Qutnm3L7ogmg3dc+wbQ==}
    engines: {node: ^18.17.0 || >=20.5.0}

  pvtsutils@1.3.6:
    resolution: {integrity: sha512-PLgQXQ6H2FWCaeRak8vvk1GW462lMxB5s3Jm673N82zI4vqtVUPuZdffdZbPDFRoU8kAhItWFtPCWiPpp4/EDg==}

  pvutils@1.1.3:
    resolution: {integrity: sha512-pMpnA0qRdFp32b1sJl1wOJNxZLQ2cbQx+k6tjNtZ8CpvVhNqEPRgivZ2WOUev2YMajecdH7ctUPDvEe87nariQ==}
    engines: {node: '>=6.0.0'}

  read-cmd-shim@5.0.0:
    resolution: {integrity: sha512-SEbJV7tohp3DAAILbEMPXavBjAnMN0tVnh4+9G8ihV4Pq3HYF9h8QNez9zkJ1ILkv9G2BjdzwctznGZXgu/HGw==}
    engines: {node: ^18.17.0 || >=20.5.0}

  readdirp@3.6.0:
    resolution: {integrity: sha512-hOS089on8RduqdbhvQ5Z37A0ESjsqz6qnRcffsMU3495FuTdqSm+7bhJ29JvIOsBDEEnan5DPu9t3To9VRlMzA==}
    engines: {node: '>=8.10.0'}

  resolve@1.22.10:
    resolution: {integrity: sha512-NPRy+/ncIMeDlTAsuqwKIiferiawhefFJtkNSW0qZJEqMEb+qBt/77B/jGeeek+F0uOeN05CDa6HXbbIgtVX4w==}
    engines: {node: '>= 0.4'}
    hasBin: true

  rimraf@2.7.1:
    resolution: {integrity: sha512-uWjbaKIK3T1OSVptzX7Nl6PvQ3qAGtKEtVRjRuazjfL3Bx5eI409VZSqgND+4UNnmzLVdPj9FqFJNPqBZFve4w==}
    deprecated: Rimraf versions prior to v4 are no longer supported
    hasBin: true

  signal-exit@4.1.0:
    resolution: {integrity: sha512-bzyZ1e88w9O1iNJbKnOlvYTrWPDl46O1bG0D3XInv+9tkPrxrN8jUUTiFlDkkmKWgn1M6CfIA13SuGqOa9Korw==}
    engines: {node: '>=14'}

  source-map-support@0.5.21:
    resolution: {integrity: sha512-uBHU3L3czsIyYXKX88fdrGovxdSCoTGDRZ6SYXtSRxLZUzHg5P/66Ht6uoUlHu9EZod+inXhKo3qQgwXUT/y1w==}

  source-map@0.6.1:
    resolution: {integrity: sha512-UjgapumWlbMhkBgzT7Ykc5YXUT46F0iKu8SGXq0bcwP5dz/h0Plj6enJqjz1Zbq2l5WaqYnrVbwWOWMyF3F47g==}
    engines: {node: '>=0.10.0'}

  streamsearch@1.1.0:
    resolution: {integrity: sha512-Mcc5wHehp9aXz1ax6bZUyY5afg9u2rv5cqQI3mRrYkGC8rW2hM02jWuwjtL++LS5qinSyhj2QfLyNsuc+VsExg==}
    engines: {node: '>=10.0.0'}

  strip-bom@3.0.0:
    resolution: {integrity: sha512-vavAMRXOgBVNF6nyEEmL3DBK19iRpDcoIwW+swQ+CbGiu7lju6t+JklA1MHweoWtadgt4ISVUsXLyDq34ddcwA==}
    engines: {node: '>=4'}

  strip-json-comments@2.0.1:
    resolution: {integrity: sha512-4gB8na07fecVVkOI6Rs4e7T6NOTki5EmL7TUduTs6bu3EdnSycntVJ4re8kgZA+wx9IueI2Y11bfbgwtzuE0KQ==}
    engines: {node: '>=0.10.0'}

  supabase@2.45.5:
    resolution: {integrity: sha512-/toOX6bHYx2TUNA5AtlzrKKfvctbLQ8R6QqvUCAT20KtZOkR14HpBYav3TNDaU5owPeB58cT5Uftvxw36Tb95A==}
    engines: {npm: '>=8'}
    hasBin: true

  supports-preserve-symlinks-flag@1.0.0:
    resolution: {integrity: sha512-ot0WnXS9fgdkgIcePe6RHNk1WA8+muPa6cSjeR3V8K27q9BB1rTE3R1p7Hv0z1ZyAc8s6Vvv8DIyWf681MAt0w==}
    engines: {node: '>= 0.4'}

  tar@7.4.4:
    resolution: {integrity: sha512-O1z7ajPkjTgEgmTGz0v9X4eqeEXTDREPTO77pVC1Nbs86feBU1Zhdg+edzavPmYW1olxkwsqA2v4uOw6E8LeDg==}
    engines: {node: '>=18'}

  to-regex-range@5.0.1:
    resolution: {integrity: sha512-65P7iz6X5yEr1cwcgvQxbbIw7Uk3gOy5dIdtZ4rDveLqhrdJP+Li/Hx6tyK0NEb+2GCyneCMJiGqrADCSNk8sQ==}
    engines: {node: '>=8.0'}

  tr46@0.0.3:
    resolution: {integrity: sha512-N3WMsuqV66lT30CrXNbEjx4GEwlow3v6rr4mCcv6prnfwhS01rkgyFdjPNBYd9br7LpXV1+Emh01fHnq2Gdgrw==}

  tree-kill@1.2.2:
    resolution: {integrity: sha512-L0Orpi8qGpRG//Nd+H90vFB+3iHnue1zSSGmNOOCh1GLJ7rUKVwV2HvijphGQS2UmhUZewS9VgvxYIdgr+fG1A==}
    hasBin: true

  ts-node-dev@2.0.0:
    resolution: {integrity: sha512-ywMrhCfH6M75yftYvrvNarLEY+SUXtUvU8/0Z6llrHQVBx12GiFk5sStF8UdfE/yfzk9IAq7O5EEbTQsxlBI8w==}
    engines: {node: '>=0.8.0'}
    hasBin: true
    peerDependencies:
      node-notifier: '*'
      typescript: '*'
    peerDependenciesMeta:
      node-notifier:
        optional: true

  ts-node@10.9.2:
    resolution: {integrity: sha512-f0FFpIdcHgn8zcPSbf1dRevwt047YMnaiJM3u2w2RewrB+fob/zePZcrOyQoLMMO7aBIddLcQIEK5dYjkLnGrQ==}
    hasBin: true
    peerDependencies:
      '@swc/core': '>=1.2.50'
      '@swc/wasm': '>=1.2.50'
      '@types/node': '*'
      typescript: '>=2.7'
    peerDependenciesMeta:
      '@swc/core':
        optional: true
      '@swc/wasm':
        optional: true

  tsconfig@7.0.0:
    resolution: {integrity: sha512-vZXmzPrL+EmC4T/4rVlT2jNVMWCi/O4DIiSj3UHg1OE5kCKbk4mfrXc6dZksLgRM/TZlKnousKH9bbTazUWRRw==}

  tslib@2.4.0:
    resolution: {integrity: sha512-d6xOpEDfsi2CZVlPQzGeux8XMwLT9hssAsaPYExaQMuYskwb+x1x7J371tWlbBdWHroy99KnVB6qIkUbs5X3UQ==}

  tslib@2.8.1:
    resolution: {integrity: sha512-oJFu94HQb+KVduSUQL7wnpmqnfmLsOA/nAh6b6EH0wCEoK0/mPeXU6c3wKDV83MkOuHPRHtSXKKU99IBazS/2w==}

  typescript@5.9.2:
    resolution: {integrity: sha512-CWBzXQrc/qOkhidw1OzBTQuYRbfyxDXJMVJ1XNwUHGROVmuaeiEm3OslpZ1RV96d7SKKjZKrSJu3+t/xlw3R9A==}
    engines: {node: '>=14.17'}
    hasBin: true

  undici-types@5.26.5:
    resolution: {integrity: sha512-JlCMO+ehdEIKqlFxk6IfVoAUVmgz7cU7zD/h9XZ0qzeosSHmUJVOzSQvvYSYWXkFXC+IfLKSIffhv0sVZup6pA==}

  undici@5.29.0:
    resolution: {integrity: sha512-raqeBD6NQK4SkWhQzeYKd1KmIG6dllBOTt55Rmkt4HtI9mwdWtJljnrXjAFUBLTSN67HWrOIZ3EPF4kjUw80Bg==}
    engines: {node: '>=14.0'}

  uuid@9.0.1:
    resolution: {integrity: sha512-b+1eJOlsR9K8HJpow9Ok3fiWOWSIcIzXodvv0rQjVoOVNpWMpxf1wZNpt4y9h10odCNrqnYp1OBzRktckBe3sA==}
    hasBin: true

  v8-compile-cache-lib@3.0.1:
    resolution: {integrity: sha512-wa7YjyUGfNZngI/vtK0UHAN+lgDCxBPCylVXGp0zu59Fz5aiGtNXaq3DhIov063MorB+VfufLh3JlF2KdTK3xg==}

  value-or-promise@1.0.12:
    resolution: {integrity: sha512-Z6Uz+TYwEqE7ZN50gwn+1LCVo9ZVrpxRPOhOLnncYkY1ZzOYtrX8Fwf/rFktZ8R5mJms6EZf5TqNOMeZmnPq9Q==}
    engines: {node: '>=12'}

  web-streams-polyfill@3.3.3:
    resolution: {integrity: sha512-d2JWLCivmZYTSIoge9MsgFCZrt571BikcWGYkjC1khllbTeDlGqZ2D8vD8E/lJa8WGWbb7Plm8/XJYV7IJHZZw==}
    engines: {node: '>= 8'}

  web-streams-polyfill@4.0.0-beta.3:
    resolution: {integrity: sha512-QW95TCTaHmsYfHDybGMwO5IJIM93I/6vTRk+daHTWFPhwh+C8Cg7j7XyKrwrj8Ib6vYXe0ocYNrmzY4xAAN6ug==}
    engines: {node: '>= 14'}

  webcrypto-core@1.8.1:
    resolution: {integrity: sha512-P+x1MvlNCXlKbLSOY4cYrdreqPG5hbzkmawbcXLKN/mf6DZW0SdNNkZ+sjwsqVkI4A4Ko2sPZmkZtCKY58w83A==}

  webidl-conversions@3.0.1:
    resolution: {integrity: sha512-2JAn3z8AR6rjK8Sm8orRC0h/bcl/DqL7tRPdGZ4I1CjdF+EaMLmYxBHyXuKL849eucPFhvBoxMsflfOb8kxaeQ==}

  whatwg-url@5.0.0:
    resolution: {integrity: sha512-saE57nupxk6v3HY35+jzBwYa0rKSy0XR8JSxZPwgLr7ys0IBzhGviA1/TUGJLmSVqs8pb9AnvICXEuOHLprYTw==}

  wrappy@1.0.2:
    resolution: {integrity: sha512-l4Sp/DRseor9wL6EvV2+TuQn63dMkPjZ/sp9XkghTEbV9KlPS1xUsZ3u7/IQO4wxtcFB4bgpQPRcR3QCvezPcQ==}

  write-file-atomic@6.0.0:
    resolution: {integrity: sha512-GmqrO8WJ1NuzJ2DrziEI2o57jKAVIQNf8a18W3nCYU3H7PNWqCCVTeH6/NQE93CIllIgQS98rrmVkYgTX9fFJQ==}
    engines: {node: ^18.17.0 || >=20.5.0}

  ws@8.18.3:
    resolution: {integrity: sha512-PEIGCY5tSlUt50cqyMXfCzX+oOPqN0vuGqWzbcJ2xvnkzkq46oOpz7dQaTDBdfICb4N14+GARUDw2XV2N4tvzg==}
    engines: {node: '>=10.0.0'}
    peerDependencies:
      bufferutil: ^4.0.1
      utf-8-validate: '>=5.0.2'
    peerDependenciesMeta:
      bufferutil:
        optional: true
      utf-8-validate:
        optional: true

  xtend@4.0.2:
    resolution: {integrity: sha512-LKYU1iAXJXUgAXn9URjiu+MWhyUXHsvfp7mcuYm9dSUKK0/CjtrUwFAxD82/mCWbtLsGjFIad0wIsod4zrTAEQ==}
    engines: {node: '>=0.4'}

  yallist@4.0.0:
    resolution: {integrity: sha512-3wdGidZyq5PB084XLES5TpOSRA3wjXAlIWMhum2kRcv/41Sn2emQ0dycQW4uZXLejwKvg6EsvbdlVL+FYEct7A==}

  yallist@5.0.0:
    resolution: {integrity: sha512-YgvUTfwqyc7UXVMrB+SImsVYSmTS8X/tSrtdNZMImM+n7+QTriRXyXim0mBrTXNeqzVF0KWGgHPeiyViFFrNDw==}
    engines: {node: '>=18'}

  yn@3.1.1:
    resolution: {integrity: sha512-Ux4ygGWsu2c7isFWe8Yu1YluJmqVhxqK2cLXNQA5AcC3QfbGNpM7fu0Y8b/z16pXLnFxZYvWhd3fhBY9DLmC6Q==}
    engines: {node: '>=6'}

snapshots:

  '@cspotcode/source-map-support@0.8.1':
    dependencies:
      '@jridgewell/trace-mapping': 0.3.9

  '@envelop/core@2.6.0(graphql@16.11.0)':
    dependencies:
      '@envelop/types': 2.4.0(graphql@16.11.0)
      graphql: 16.11.0
      tslib: 2.4.0

  '@envelop/parser-cache@4.7.0(@envelop/core@2.6.0(graphql@16.11.0))(graphql@16.11.0)':
    dependencies:
      '@envelop/core': 2.6.0(graphql@16.11.0)
      graphql: 16.11.0
      lru-cache: 6.0.0
      tslib: 2.8.1

  '@envelop/types@2.4.0(graphql@16.11.0)':
    dependencies:
      graphql: 16.11.0
      tslib: 2.8.1

  '@envelop/validation-cache@4.7.0(@envelop/core@2.6.0(graphql@16.11.0))(graphql@16.11.0)':
    dependencies:
      '@envelop/core': 2.6.0(graphql@16.11.0)
      graphql: 16.11.0
      lru-cache: 6.0.0
      tslib: 2.8.1

  '@fastify/busboy@2.1.1': {}

  '@graphql-tools/merge@8.4.2(graphql@16.11.0)':
    dependencies:
      '@graphql-tools/utils': 9.2.1(graphql@16.11.0)
      graphql: 16.11.0
      tslib: 2.8.1

  '@graphql-tools/schema@9.0.19(graphql@16.11.0)':
    dependencies:
      '@graphql-tools/merge': 8.4.2(graphql@16.11.0)
      '@graphql-tools/utils': 9.2.1(graphql@16.11.0)
      graphql: 16.11.0
      tslib: 2.8.1
      value-or-promise: 1.0.12

  '@graphql-tools/utils@8.13.1(graphql@16.11.0)':
    dependencies:
      graphql: 16.11.0
      tslib: 2.8.1

  '@graphql-tools/utils@9.2.1(graphql@16.11.0)':
    dependencies:
      '@graphql-typed-document-node/core': 3.2.0(graphql@16.11.0)
      graphql: 16.11.0
      tslib: 2.8.1

  '@graphql-typed-document-node/core@3.2.0(graphql@16.11.0)':
    dependencies:
      graphql: 16.11.0

  '@graphql-yoga/common@2.12.12(graphql@16.11.0)':
    dependencies:
      '@envelop/core': 2.6.0(graphql@16.11.0)
      '@envelop/parser-cache': 4.7.0(@envelop/core@2.6.0(graphql@16.11.0))(graphql@16.11.0)
      '@envelop/validation-cache': 4.7.0(@envelop/core@2.6.0(graphql@16.11.0))(graphql@16.11.0)
      '@graphql-tools/schema': 9.0.19(graphql@16.11.0)
      '@graphql-tools/utils': 8.13.1(graphql@16.11.0)
      '@graphql-typed-document-node/core': 3.2.0(graphql@16.11.0)
      '@graphql-yoga/subscription': 2.2.3
      '@whatwg-node/fetch': 0.3.2
      dset: 3.1.4
      graphql: 16.11.0
      tslib: 2.8.1
    transitivePeerDependencies:
      - encoding

  '@graphql-yoga/node@2.13.13(graphql@16.11.0)':
    dependencies:
      '@envelop/core': 2.6.0(graphql@16.11.0)
      '@graphql-tools/utils': 8.13.1(graphql@16.11.0)
      '@graphql-yoga/common': 2.12.12(graphql@16.11.0)
      '@graphql-yoga/subscription': 2.2.3
      '@whatwg-node/fetch': 0.3.2
      graphql: 16.11.0
      tslib: 2.8.1
    transitivePeerDependencies:
      - encoding

  '@graphql-yoga/subscription@2.2.3':
    dependencies:
      '@graphql-yoga/typed-event-target': 0.1.1
      '@repeaterjs/repeater': 3.0.6
      tslib: 2.8.1

  '@graphql-yoga/typed-event-target@0.1.1':
    dependencies:
      '@repeaterjs/repeater': 3.0.6
      tslib: 2.8.1

  '@isaacs/fs-minipass@4.0.1':
    dependencies:
      minipass: 7.1.2

  '@jridgewell/resolve-uri@3.1.2': {}

  '@jridgewell/sourcemap-codec@1.5.5': {}

  '@jridgewell/trace-mapping@0.3.9':
    dependencies:
      '@jridgewell/resolve-uri': 3.1.2
      '@jridgewell/sourcemap-codec': 1.5.5

  '@peculiar/asn1-schema@2.5.0':
    dependencies:
      asn1js: 3.0.6
      pvtsutils: 1.3.6
      tslib: 2.8.1

  '@peculiar/json-schema@1.1.12':
    dependencies:
      tslib: 2.8.1

  '@peculiar/webcrypto@1.5.0':
    dependencies:
      '@peculiar/asn1-schema': 2.5.0
      '@peculiar/json-schema': 1.1.12
      pvtsutils: 1.3.6
      tslib: 2.8.1
      webcrypto-core: 1.8.1

  '@repeaterjs/repeater@3.0.6': {}

  '@supabase/auth-js@2.71.1':
    dependencies:
      '@supabase/node-fetch': 2.6.15

  '@supabase/functions-js@2.4.6':
    dependencies:
      '@supabase/node-fetch': 2.6.15

  '@supabase/node-fetch@2.6.15':
    dependencies:
      whatwg-url: 5.0.0

  '@supabase/postgrest-js@1.21.4':
    dependencies:
      '@supabase/node-fetch': 2.6.15

  '@supabase/realtime-js@2.15.5':
    dependencies:
      '@supabase/node-fetch': 2.6.15
      '@types/phoenix': 1.6.6
      '@types/ws': 8.18.1
      ws: 8.18.3
    transitivePeerDependencies:
      - bufferutil
      - utf-8-validate

  '@supabase/storage-js@2.12.1':
    dependencies:
      '@supabase/node-fetch': 2.6.15

  '@supabase/supabase-js@2.57.4':
    dependencies:
      '@supabase/auth-js': 2.71.1
      '@supabase/functions-js': 2.4.6
      '@supabase/node-fetch': 2.6.15
      '@supabase/postgrest-js': 1.21.4
      '@supabase/realtime-js': 2.15.5
      '@supabase/storage-js': 2.12.1
    transitivePeerDependencies:
      - bufferutil
      - utf-8-validate

  '@tsconfig/node10@1.0.11': {}

  '@tsconfig/node12@1.0.11': {}

  '@tsconfig/node14@1.0.3': {}

  '@tsconfig/node16@1.0.4': {}

  '@types/node-fetch@2.6.13':
    dependencies:
      '@types/node': 18.19.127
      form-data: 4.0.4

  '@types/node@18.19.127':
    dependencies:
      undici-types: 5.26.5

  '@types/phoenix@1.6.6': {}

  '@types/strip-bom@3.0.0': {}

  '@types/strip-json-comments@0.0.30': {}

  '@types/ws@8.18.1':
    dependencies:
      '@types/node': 18.19.127

  '@whatwg-node/fetch@0.3.2':
    dependencies:
      '@peculiar/webcrypto': 1.5.0
      abort-controller: 3.0.0
      busboy: 1.6.0
      event-target-polyfill: 0.0.3
      form-data-encoder: 1.9.0
      formdata-node: 4.4.1
      node-fetch: 2.7.0
      undici: 5.29.0
      web-streams-polyfill: 3.3.3
    transitivePeerDependencies:
      - encoding

  abort-controller@3.0.0:
    dependencies:
      event-target-shim: 5.0.1

  acorn-walk@8.3.4:
    dependencies:
      acorn: 8.15.0

  acorn@8.15.0: {}

  agent-base@7.1.4: {}

  anymatch@3.1.3:
    dependencies:
      normalize-path: 3.0.0
      picomatch: 2.3.1

  arg@4.1.3: {}

  asn1js@3.0.6:
    dependencies:
      pvtsutils: 1.3.6
      pvutils: 1.1.3
      tslib: 2.8.1

  asynckit@0.4.0: {}

  balanced-match@1.0.2: {}

  bin-links@5.0.0:
    dependencies:
      cmd-shim: 7.0.0
      npm-normalize-package-bin: 4.0.0
      proc-log: 5.0.0
      read-cmd-shim: 5.0.0
      write-file-atomic: 6.0.0

  binary-extensions@2.3.0: {}

  brace-expansion@1.1.12:
    dependencies:
      balanced-match: 1.0.2
      concat-map: 0.0.1

  braces@3.0.3:
    dependencies:
      fill-range: 7.1.1

  buffer-from@1.1.2: {}

  busboy@1.6.0:
    dependencies:
      streamsearch: 1.1.0

  call-bind-apply-helpers@1.0.2:
    dependencies:
      es-errors: 1.3.0
      function-bind: 1.1.2

  chokidar@3.6.0:
    dependencies:
      anymatch: 3.1.3
      braces: 3.0.3
      glob-parent: 5.1.2
      is-binary-path: 2.1.0
      is-glob: 4.0.3
      normalize-path: 3.0.0
      readdirp: 3.6.0
    optionalDependencies:
      fsevents: 2.3.3

  chownr@3.0.0: {}

  cmd-shim@7.0.0: {}

  combined-stream@1.0.8:
    dependencies:
      delayed-stream: 1.0.0

  concat-map@0.0.1: {}

  create-require@1.1.1: {}

  data-uri-to-buffer@4.0.1: {}

  debug@4.4.3:
    dependencies:
      ms: 2.1.3

  delayed-stream@1.0.0: {}

  diff@4.0.2: {}

  dotenv@16.6.1: {}

  dset@3.1.4: {}

  dunder-proto@1.0.1:
    dependencies:
      call-bind-apply-helpers: 1.0.2
      es-errors: 1.3.0
      gopd: 1.2.0

  dynamic-dedupe@0.3.0:
    dependencies:
      xtend: 4.0.2

  es-define-property@1.0.1: {}

  es-errors@1.3.0: {}

  es-object-atoms@1.1.1:
    dependencies:
      es-errors: 1.3.0

  es-set-tostringtag@2.1.0:
    dependencies:
      es-errors: 1.3.0
      get-intrinsic: 1.3.0
      has-tostringtag: 1.0.2
      hasown: 2.0.2

  event-target-polyfill@0.0.3: {}

  event-target-shim@5.0.1: {}

  fetch-blob@3.2.0:
    dependencies:
      node-domexception: 1.0.0
      web-streams-polyfill: 3.3.3

  fill-range@7.1.1:
    dependencies:
      to-regex-range: 5.0.1

  form-data-encoder@1.9.0: {}

  form-data@4.0.4:
    dependencies:
      asynckit: 0.4.0
      combined-stream: 1.0.8
      es-set-tostringtag: 2.1.0
      hasown: 2.0.2
      mime-types: 2.1.35

  formdata-node@4.4.1:
    dependencies:
      node-domexception: 1.0.0
      web-streams-polyfill: 4.0.0-beta.3

  formdata-polyfill@4.0.10:
    dependencies:
      fetch-blob: 3.2.0

  fs.realpath@1.0.0: {}

  fsevents@2.3.3:
    optional: true

  function-bind@1.1.2: {}

  get-intrinsic@1.3.0:
    dependencies:
      call-bind-apply-helpers: 1.0.2
      es-define-property: 1.0.1
      es-errors: 1.3.0
      es-object-atoms: 1.1.1
      function-bind: 1.1.2
      get-proto: 1.0.1
      gopd: 1.2.0
      has-symbols: 1.1.0
      hasown: 2.0.2
      math-intrinsics: 1.1.0

  get-proto@1.0.1:
    dependencies:
      dunder-proto: 1.0.1
      es-object-atoms: 1.1.1

  glob-parent@5.1.2:
    dependencies:
      is-glob: 4.0.3

  glob@7.2.3:
    dependencies:
      fs.realpath: 1.0.0
      inflight: 1.0.6
      inherits: 2.0.4
      minimatch: 3.1.2
      once: 1.4.0
      path-is-absolute: 1.0.1

  gopd@1.2.0: {}

  graphql-tag@2.12.6(graphql@16.11.0):
    dependencies:
      graphql: 16.11.0
      tslib: 2.8.1

  graphql@16.11.0: {}

  has-symbols@1.1.0: {}

  has-tostringtag@1.0.2:
    dependencies:
      has-symbols: 1.1.0

  hasown@2.0.2:
    dependencies:
      function-bind: 1.1.2

  https-proxy-agent@7.0.6:
    dependencies:
      agent-base: 7.1.4
      debug: 4.4.3
    transitivePeerDependencies:
      - supports-color

  imurmurhash@0.1.4: {}

  inflight@1.0.6:
    dependencies:
      once: 1.4.0
      wrappy: 1.0.2

  inherits@2.0.4: {}

  is-binary-path@2.1.0:
    dependencies:
      binary-extensions: 2.3.0

  is-core-module@2.16.1:
    dependencies:
      hasown: 2.0.2

  is-extglob@2.1.1: {}

  is-glob@4.0.3:
    dependencies:
      is-extglob: 2.1.1

  is-number@7.0.0: {}

  lru-cache@6.0.0:
    dependencies:
      yallist: 4.0.0

  make-error@1.3.6: {}

  math-intrinsics@1.1.0: {}

  mime-db@1.52.0: {}

  mime-types@2.1.35:
    dependencies:
      mime-db: 1.52.0

  minimatch@3.1.2:
    dependencies:
      brace-expansion: 1.1.12

  minimist@1.2.8: {}

  minipass@7.1.2: {}

  minizlib@3.1.0:
    dependencies:
      minipass: 7.1.2

  mkdirp@1.0.4: {}

  ms@2.1.3: {}

  node-domexception@1.0.0: {}

  node-fetch@2.7.0:
    dependencies:
      whatwg-url: 5.0.0

  node-fetch@3.3.2:
    dependencies:
      data-uri-to-buffer: 4.0.1
      fetch-blob: 3.2.0
      formdata-polyfill: 4.0.10

  normalize-path@3.0.0: {}

  npm-normalize-package-bin@4.0.0: {}

  once@1.4.0:
    dependencies:
      wrappy: 1.0.2

  path-is-absolute@1.0.1: {}

  path-parse@1.0.7: {}

  picomatch@2.3.1: {}

  proc-log@5.0.0: {}

  pvtsutils@1.3.6:
    dependencies:
      tslib: 2.8.1

  pvutils@1.1.3: {}

  read-cmd-shim@5.0.0: {}

  readdirp@3.6.0:
    dependencies:
      picomatch: 2.3.1

  resolve@1.22.10:
    dependencies:
      is-core-module: 2.16.1
      path-parse: 1.0.7
      supports-preserve-symlinks-flag: 1.0.0

  rimraf@2.7.1:
    dependencies:
      glob: 7.2.3

  signal-exit@4.1.0: {}

  source-map-support@0.5.21:
    dependencies:
      buffer-from: 1.1.2
      source-map: 0.6.1

  source-map@0.6.1: {}

  streamsearch@1.1.0: {}

  strip-bom@3.0.0: {}

  strip-json-comments@2.0.1: {}

  supabase@2.45.5:
    dependencies:
      bin-links: 5.0.0
      https-proxy-agent: 7.0.6
      node-fetch: 3.3.2
      tar: 7.4.4
    transitivePeerDependencies:
      - supports-color

  supports-preserve-symlinks-flag@1.0.0: {}

  tar@7.4.4:
    dependencies:
      '@isaacs/fs-minipass': 4.0.1
      chownr: 3.0.0
      minipass: 7.1.2
      minizlib: 3.1.0
      yallist: 5.0.0

  to-regex-range@5.0.1:
    dependencies:
      is-number: 7.0.0

  tr46@0.0.3: {}

  tree-kill@1.2.2: {}

  ts-node-dev@2.0.0(@types/node@18.19.127)(typescript@5.9.2):
    dependencies:
      chokidar: 3.6.0
      dynamic-dedupe: 0.3.0
      minimist: 1.2.8
      mkdirp: 1.0.4
      resolve: 1.22.10
      rimraf: 2.7.1
      source-map-support: 0.5.21
      tree-kill: 1.2.2
      ts-node: 10.9.2(@types/node@18.19.127)(typescript@5.9.2)
      tsconfig: 7.0.0
      typescript: 5.9.2
    transitivePeerDependencies:
      - '@swc/core'
      - '@swc/wasm'
      - '@types/node'

  ts-node@10.9.2(@types/node@18.19.127)(typescript@5.9.2):
    dependencies:
      '@cspotcode/source-map-support': 0.8.1
      '@tsconfig/node10': 1.0.11
      '@tsconfig/node12': 1.0.11
      '@tsconfig/node14': 1.0.3
      '@tsconfig/node16': 1.0.4
      '@types/node': 18.19.127
      acorn: 8.15.0
      acorn-walk: 8.3.4
      arg: 4.1.3
      create-require: 1.1.1
      diff: 4.0.2
      make-error: 1.3.6
      typescript: 5.9.2
      v8-compile-cache-lib: 3.0.1
      yn: 3.1.1

  tsconfig@7.0.0:
    dependencies:
      '@types/strip-bom': 3.0.0
      '@types/strip-json-comments': 0.0.30
      strip-bom: 3.0.0
      strip-json-comments: 2.0.1

  tslib@2.4.0: {}

  tslib@2.8.1: {}

  typescript@5.9.2: {}

  undici-types@5.26.5: {}

  undici@5.29.0:
    dependencies:
      '@fastify/busboy': 2.1.1

  uuid@9.0.1: {}

  v8-compile-cache-lib@3.0.1: {}

  value-or-promise@1.0.12: {}

  web-streams-polyfill@3.3.3: {}

  web-streams-polyfill@4.0.0-beta.3: {}

  webcrypto-core@1.8.1:
    dependencies:
      '@peculiar/asn1-schema': 2.5.0
      '@peculiar/json-schema': 1.1.12
      asn1js: 3.0.6
      pvtsutils: 1.3.6
      tslib: 2.8.1

  webidl-conversions@3.0.1: {}

  whatwg-url@5.0.0:
    dependencies:
      tr46: 0.0.3
      webidl-conversions: 3.0.1

  wrappy@1.0.2: {}

  write-file-atomic@6.0.0:
    dependencies:
      imurmurhash: 0.1.4
      signal-exit: 4.1.0

  ws@8.18.3: {}

  xtend@4.0.2: {}

  yallist@4.0.0: {}

  yallist@5.0.0: {}

  yn@3.1.1: {}
